// !$*UTF8*$!
{
	archiveVersion = 1;
	classes = {
	};
	objectVersion = 46;
	objects = {

/* Begin PBXBuildFile section */
		82096E191F63B28B00AF1837 /* AppDelegate.swift in Sources */ = {isa = PBXBuildFile; fileRef = 82096E181F63B28B00AF1837 /* AppDelegate.swift */; };
		82096E1B1F63B28B00AF1837 /* ViewController.swift in Sources */ = {isa = PBXBuildFile; fileRef = 82096E1A1F63B28B00AF1837 /* ViewController.swift */; };
		82096E1E1F63B28B00AF1837 /* Main.storyboard in Resources */ = {isa = PBXBuildFile; fileRef = 82096E1C1F63B28B00AF1837 /* Main.storyboard */; };
		82096E211F63B28B00AF1837 /* MazeRunner.xcdatamodeld in Sources */ = {isa = PBXBuildFile; fileRef = 82096E1F1F63B28B00AF1837 /* MazeRunner.xcdatamodeld */; };
		82096E231F63B28B00AF1837 /* Assets.xcassets in Resources */ = {isa = PBXBuildFile; fileRef = 82096E221F63B28B00AF1837 /* Assets.xcassets */; };
		82096E261F63B28B00AF1837 /* LaunchScreen.storyboard in Resources */ = {isa = PBXBuildFile; fileRef = 82096E241F63B28B00AF1837 /* LaunchScreen.storyboard */; };
		82096E311F63B28B00AF1837 /* MazeRunnerTests.swift in Sources */ = {isa = PBXBuildFile; fileRef = 82096E301F63B28B00AF1837 /* MazeRunnerTests.swift */; };
		82096E3C1F63B28C00AF1837 /* MazeRunnerUITests.swift in Sources */ = {isa = PBXBuildFile; fileRef = 82096E3B1F63B28C00AF1837 /* MazeRunnerUITests.swift */; };
/* End PBXBuildFile section */

/* Begin PBXContainerItemProxy section */
		82096E2D1F63B28B00AF1837 /* PBXContainerItemProxy */ = {
			isa = PBXContainerItemProxy;
			containerPortal = 82096E0D1F63B28B00AF1837 /* Project object */;
			proxyType = 1;
			remoteGlobalIDString = 82096E141F63B28B00AF1837;
			remoteInfo = MazeRunner;
		};
		82096E381F63B28C00AF1837 /* PBXContainerItemProxy */ = {
			isa = PBXContainerItemProxy;
			containerPortal = 82096E0D1F63B28B00AF1837 /* Project object */;
			proxyType = 1;
			remoteGlobalIDString = 82096E141F63B28B00AF1837;
			remoteInfo = MazeRunner;
		};
/* End PBXContainerItemProxy section */

/* Begin PBXFileReference section */
		82096E151F63B28B00AF1837 /* MazeRunner.app */ = {isa = PBXFileReference; explicitFileType = wrapper.application; includeInIndex = 0; path = MazeRunner.app; sourceTree = BUILT_PRODUCTS_DIR; };
		82096E181F63B28B00AF1837 /* AppDelegate.swift */ = {isa = PBXFileReference; lastKnownFileType = sourcecode.swift; path = AppDelegate.swift; sourceTree = "<group>"; };
		82096E1A1F63B28B00AF1837 /* ViewController.swift */ = {isa = PBXFileReference; lastKnownFileType = sourcecode.swift; path = ViewController.swift; sourceTree = "<group>"; };
		82096E1D1F63B28B00AF1837 /* Base */ = {isa = PBXFileReference; lastKnownFileType = file.storyboard; name = Base; path = Base.lproj/Main.storyboard; sourceTree = "<group>"; };
		82096E201F63B28B00AF1837 /* MazeRunner.xcdatamodel */ = {isa = PBXFileReference; lastKnownFileType = wrapper.xcdatamodel; path = MazeRunner.xcdatamodel; sourceTree = "<group>"; };
		82096E221F63B28B00AF1837 /* Assets.xcassets */ = {isa = PBXFileReference; lastKnownFileType = folder.assetcatalog; path = Assets.xcassets; sourceTree = "<group>"; };
		82096E251F63B28B00AF1837 /* Base */ = {isa = PBXFileReference; lastKnownFileType = file.storyboard; name = Base; path = Base.lproj/LaunchScreen.storyboard; sourceTree = "<group>"; };
		82096E271F63B28B00AF1837 /* Info.plist */ = {isa = PBXFileReference; lastKnownFileType = text.plist.xml; path = Info.plist; sourceTree = "<group>"; };
		82096E2C1F63B28B00AF1837 /* MazeRunnerTests.xctest */ = {isa = PBXFileReference; explicitFileType = wrapper.cfbundle; includeInIndex = 0; path = MazeRunnerTests.xctest; sourceTree = BUILT_PRODUCTS_DIR; };
		82096E301F63B28B00AF1837 /* MazeRunnerTests.swift */ = {isa = PBXFileReference; lastKnownFileType = sourcecode.swift; path = MazeRunnerTests.swift; sourceTree = "<group>"; };
		82096E321F63B28C00AF1837 /* Info.plist */ = {isa = PBXFileReference; lastKnownFileType = text.plist.xml; path = Info.plist; sourceTree = "<group>"; };
		82096E371F63B28C00AF1837 /* MazeRunnerUITests.xctest */ = {isa = PBXFileReference; explicitFileType = wrapper.cfbundle; includeInIndex = 0; path = MazeRunnerUITests.xctest; sourceTree = BUILT_PRODUCTS_DIR; };
		82096E3B1F63B28C00AF1837 /* MazeRunnerUITests.swift */ = {isa = PBXFileReference; lastKnownFileType = sourcecode.swift; path = MazeRunnerUITests.swift; sourceTree = "<group>"; };
		82096E3D1F63B28C00AF1837 /* Info.plist */ = {isa = PBXFileReference; lastKnownFileType = text.plist.xml; path = Info.plist; sourceTree = "<group>"; };
/* End PBXFileReference section */

/* Begin PBXFrameworksBuildPhase section */
		82096E121F63B28B00AF1837 /* Frameworks */ = {
			isa = PBXFrameworksBuildPhase;
			buildActionMask = 2147483647;
			files = (
			);
			runOnlyForDeploymentPostprocessing = 0;
		};
		82096E291F63B28B00AF1837 /* Frameworks */ = {
			isa = PBXFrameworksBuildPhase;
			buildActionMask = 2147483647;
			files = (
			);
			runOnlyForDeploymentPostprocessing = 0;
		};
		82096E341F63B28C00AF1837 /* Frameworks */ = {
			isa = PBXFrameworksBuildPhase;
			buildActionMask = 2147483647;
			files = (
			);
			runOnlyForDeploymentPostprocessing = 0;
		};
/* End PBXFrameworksBuildPhase section */

/* Begin PBXGroup section */
		82096E0C1F63B28B00AF1837 = {
			isa = PBXGroup;
			children = (
				82096E171F63B28B00AF1837 /* MazeRunner */,
				82096E2F1F63B28B00AF1837 /* MazeRunnerTests */,
				82096E3A1F63B28C00AF1837 /* MazeRunnerUITests */,
				82096E161F63B28B00AF1837 /* Products */,
			);
			sourceTree = "<group>";
		};
		82096E161F63B28B00AF1837 /* Products */ = {
			isa = PBXGroup;
			children = (
				82096E151F63B28B00AF1837 /* MazeRunner.app */,
				82096E2C1F63B28B00AF1837 /* MazeRunnerTests.xctest */,
				82096E371F63B28C00AF1837 /* MazeRunnerUITests.xctest */,
			);
			name = Products;
			sourceTree = "<group>";
		};
		82096E171F63B28B00AF1837 /* MazeRunner */ = {
			isa = PBXGroup;
			children = (
				82096E181F63B28B00AF1837 /* AppDelegate.swift */,
				82096E1A1F63B28B00AF1837 /* ViewController.swift */,
				82096E1C1F63B28B00AF1837 /* Main.storyboard */,
				82096E221F63B28B00AF1837 /* Assets.xcassets */,
				82096E241F63B28B00AF1837 /* LaunchScreen.storyboard */,
				82096E271F63B28B00AF1837 /* Info.plist */,
				82096E1F1F63B28B00AF1837 /* MazeRunner.xcdatamodeld */,
			);
			path = MazeRunner;
			sourceTree = "<group>";
		};
		82096E2F1F63B28B00AF1837 /* MazeRunnerTests */ = {
			isa = PBXGroup;
			children = (
				82096E301F63B28B00AF1837 /* MazeRunnerTests.swift */,
				82096E321F63B28C00AF1837 /* Info.plist */,
			);
			path = MazeRunnerTests;
			sourceTree = "<group>";
		};
		82096E3A1F63B28C00AF1837 /* MazeRunnerUITests */ = {
			isa = PBXGroup;
			children = (
				82096E3B1F63B28C00AF1837 /* MazeRunnerUITests.swift */,
				82096E3D1F63B28C00AF1837 /* Info.plist */,
			);
			path = MazeRunnerUITests;
			sourceTree = "<group>";
		};
/* End PBXGroup section */

/* Begin PBXNativeTarget section */
		82096E141F63B28B00AF1837 /* MazeRunner */ = {
			isa = PBXNativeTarget;
			buildConfigurationList = 82096E401F63B28C00AF1837 /* Build configuration list for PBXNativeTarget "MazeRunner" */;
			buildPhases = (
				82096E111F63B28B00AF1837 /* Sources */,
				82096E121F63B28B00AF1837 /* Frameworks */,
				82096E131F63B28B00AF1837 /* Resources */,
			);
			buildRules = (
			);
			dependencies = (
			);
			name = MazeRunner;
			productName = MazeRunner;
			productReference = 82096E151F63B28B00AF1837 /* MazeRunner.app */;
			productType = "com.apple.product-type.application";
		};
		82096E2B1F63B28B00AF1837 /* MazeRunnerTests */ = {
			isa = PBXNativeTarget;
			buildConfigurationList = 82096E431F63B28C00AF1837 /* Build configuration list for PBXNativeTarget "MazeRunnerTests" */;
			buildPhases = (
				82096E281F63B28B00AF1837 /* Sources */,
				82096E291F63B28B00AF1837 /* Frameworks */,
				82096E2A1F63B28B00AF1837 /* Resources */,
			);
			buildRules = (
			);
			dependencies = (
				82096E2E1F63B28B00AF1837 /* PBXTargetDependency */,
			);
			name = MazeRunnerTests;
			productName = MazeRunnerTests;
			productReference = 82096E2C1F63B28B00AF1837 /* MazeRunnerTests.xctest */;
			productType = "com.apple.product-type.bundle.unit-test";
		};
		82096E361F63B28C00AF1837 /* MazeRunnerUITests */ = {
			isa = PBXNativeTarget;
			buildConfigurationList = 82096E461F63B28C00AF1837 /* Build configuration list for PBXNativeTarget "MazeRunnerUITests" */;
			buildPhases = (
				82096E331F63B28C00AF1837 /* Sources */,
				82096E341F63B28C00AF1837 /* Frameworks */,
				82096E351F63B28C00AF1837 /* Resources */,
			);
			buildRules = (
			);
			dependencies = (
				82096E391F63B28C00AF1837 /* PBXTargetDependency */,
			);
			name = MazeRunnerUITests;
			productName = MazeRunnerUITests;
			productReference = 82096E371F63B28C00AF1837 /* MazeRunnerUITests.xctest */;
			productType = "com.apple.product-type.bundle.ui-testing";
		};
/* End PBXNativeTarget section */

/* Begin PBXProject section */
		82096E0D1F63B28B00AF1837 /* Project object */ = {
			isa = PBXProject;
			attributes = {
				LastSwiftUpdateCheck = 0830;
				LastUpgradeCheck = 0830;
				ORGANIZATIONNAME = Jose;
				TargetAttributes = {
					82096E141F63B28B00AF1837 = {
						CreatedOnToolsVersion = 8.3.3;
						ProvisioningStyle = Automatic;
					};
					82096E2B1F63B28B00AF1837 = {
						CreatedOnToolsVersion = 8.3.3;
						ProvisioningStyle = Automatic;
						TestTargetID = 82096E141F63B28B00AF1837;
					};
					82096E361F63B28C00AF1837 = {
						CreatedOnToolsVersion = 8.3.3;
						ProvisioningStyle = Automatic;
						TestTargetID = 82096E141F63B28B00AF1837;
					};
				};
			};
			buildConfigurationList = 82096E101F63B28B00AF1837 /* Build configuration list for PBXProject "MazeRunner" */;
			compatibilityVersion = "Xcode 3.2";
			developmentRegion = English;
			hasScannedForEncodings = 0;
			knownRegions = (
				en,
				Base,
			);
			mainGroup = 82096E0C1F63B28B00AF1837;
			productRefGroup = 82096E161F63B28B00AF1837 /* Products */;
			projectDirPath = "";
			projectRoot = "";
			targets = (
				82096E141F63B28B00AF1837 /* MazeRunner */,
				82096E2B1F63B28B00AF1837 /* MazeRunnerTests */,
				82096E361F63B28C00AF1837 /* MazeRunnerUITests */,
			);
		};
/* End PBXProject section */

/* Begin PBXResourcesBuildPhase section */
		82096E131F63B28B00AF1837 /* Resources */ = {
			isa = PBXResourcesBuildPhase;
			buildActionMask = 2147483647;
			files = (
				82096E261F63B28B00AF1837 /* LaunchScreen.storyboard in Resources */,
				82096E231F63B28B00AF1837 /* Assets.xcassets in Resources */,
				82096E1E1F63B28B00AF1837 /* Main.storyboard in Resources */,
			);
			runOnlyForDeploymentPostprocessing = 0;
		};
		82096E2A1F63B28B00AF1837 /* Resources */ = {
			isa = PBXResourcesBuildPhase;
			buildActionMask = 2147483647;
			files = (
			);
			runOnlyForDeploymentPostprocessing = 0;
		};
		82096E351F63B28C00AF1837 /* Resources */ = {
			isa = PBXResourcesBuildPhase;
			buildActionMask = 2147483647;
			files = (
			);
			runOnlyForDeploymentPostprocessing = 0;
		};
/* End PBXResourcesBuildPhase section */

/* Begin PBXSourcesBuildPhase section */
		82096E111F63B28B00AF1837 /* Sources */ = {
			isa = PBXSourcesBuildPhase;
			buildActionMask = 2147483647;
			files = (
				82096E1B1F63B28B00AF1837 /* ViewController.swift in Sources */,
				82096E211F63B28B00AF1837 /* MazeRunner.xcdatamodeld in Sources */,
				82096E191F63B28B00AF1837 /* AppDelegate.swift in Sources */,
			);
			runOnlyForDeploymentPostprocessing = 0;
		};
		82096E281F63B28B00AF1837 /* Sources */ = {
			isa = PBXSourcesBuildPhase;
			buildActionMask = 2147483647;
			files = (
				82096E311F63B28B00AF1837 /* MazeRunnerTests.swift in Sources */,
			);
			runOnlyForDeploymentPostprocessing = 0;
		};
		82096E331F63B28C00AF1837 /* Sources */ = {
			isa = PBXSourcesBuildPhase;
			buildActionMask = 2147483647;
			files = (
				82096E3C1F63B28C00AF1837 /* MazeRunnerUITests.swift in Sources */,
			);
			runOnlyForDeploymentPostprocessing = 0;
		};
/* End PBXSourcesBuildPhase section */

/* Begin PBXTargetDependency section */
		82096E2E1F63B28B00AF1837 /* PBXTargetDependency */ = {
			isa = PBXTargetDependency;
			target = 82096E141F63B28B00AF1837 /* MazeRunner */;
			targetProxy = 82096E2D1F63B28B00AF1837 /* PBXContainerItemProxy */;
		};
		82096E391F63B28C00AF1837 /* PBXTargetDependency */ = {
			isa = PBXTargetDependency;
			target = 82096E141F63B28B00AF1837 /* MazeRunner */;
			targetProxy = 82096E381F63B28C00AF1837 /* PBXContainerItemProxy */;
		};
/* End PBXTargetDependency section */

/* Begin PBXVariantGroup section */
		82096E1C1F63B28B00AF1837 /* Main.storyboard */ = {
			isa = PBXVariantGroup;
			children = (
				82096E1D1F63B28B00AF1837 /* Base */,
			);
			name = Main.storyboard;
			sourceTree = "<group>";
		};
		82096E241F63B28B00AF1837 /* LaunchScreen.storyboard */ = {
			isa = PBXVariantGroup;
			children = (
				82096E251F63B28B00AF1837 /* Base */,
			);
			name = LaunchScreen.storyboard;
			sourceTree = "<group>";
		};
/* End PBXVariantGroup section */

/* Begin XCBuildConfiguration section */
		82096E3E1F63B28C00AF1837 /* Debug */ = {
			isa = XCBuildConfiguration;
			buildSettings = {
				ALWAYS_SEARCH_USER_PATHS = NO;
				CLANG_ANALYZER_NONNULL = YES;
				CLANG_ANALYZER_NUMBER_OBJECT_CONVERSION = YES_AGGRESSIVE;
				CLANG_CXX_LANGUAGE_STANDARD = "gnu++0x";
				CLANG_CXX_LIBRARY = "libc++";
				CLANG_ENABLE_MODULES = YES;
				CLANG_ENABLE_OBJC_ARC = YES;
				CLANG_WARN_BOOL_CONVERSION = YES;
				CLANG_WARN_CONSTANT_CONVERSION = YES;
				CLANG_WARN_DIRECT_OBJC_ISA_USAGE = YES_ERROR;
				CLANG_WARN_DOCUMENTATION_COMMENTS = YES;
				CLANG_WARN_EMPTY_BODY = YES;
				CLANG_WARN_ENUM_CONVERSION = YES;
				CLANG_WARN_INFINITE_RECURSION = YES;
				CLANG_WARN_INT_CONVERSION = YES;
				CLANG_WARN_OBJC_ROOT_CLASS = YES_ERROR;
				CLANG_WARN_SUSPICIOUS_MOVE = YES;
				CLANG_WARN_UNREACHABLE_CODE = YES;
				CLANG_WARN__DUPLICATE_METHOD_MATCH = YES;
				"CODE_SIGN_IDENTITY[sdk=iphoneos*]" = "iPhone Developer";
				COPY_PHASE_STRIP = NO;
				DEBUG_INFORMATION_FORMAT = dwarf;
				ENABLE_STRICT_OBJC_MSGSEND = YES;
				ENABLE_TESTABILITY = YES;
				GCC_C_LANGUAGE_STANDARD = gnu99;
				GCC_DYNAMIC_NO_PIC = NO;
				GCC_NO_COMMON_BLOCKS = YES;
				GCC_OPTIMIZATION_LEVEL = 0;
				GCC_PREPROCESSOR_DEFINITIONS = (
					"DEBUG=1",
					"$(inherited)",
				);
				GCC_WARN_64_TO_32_BIT_CONVERSION = YES;
				GCC_WARN_ABOUT_RETURN_TYPE = YES_ERROR;
				GCC_WARN_UNDECLARED_SELECTOR = YES;
				GCC_WARN_UNINITIALIZED_AUTOS = YES_AGGRESSIVE;
				GCC_WARN_UNUSED_FUNCTION = YES;
				GCC_WARN_UNUSED_VARIABLE = YES;
				IPHONEOS_DEPLOYMENT_TARGET = 10.3;
				MTL_ENABLE_DEBUG_INFO = YES;
				ONLY_ACTIVE_ARCH = YES;
				SDKROOT = iphoneos;
				SWIFT_ACTIVE_COMPILATION_CONDITIONS = DEBUG;
				SWIFT_OPTIMIZATION_LEVEL = "-Onone";
				TARGETED_DEVICE_FAMILY = "1,2";
			};
			name = Debug;
		};
		82096E3F1F63B28C00AF1837 /* Release */ = {
			isa = XCBuildConfiguration;
			buildSettings = {
				ALWAYS_SEARCH_USER_PATHS = NO;
				CLANG_ANALYZER_NONNULL = YES;
				CLANG_ANALYZER_NUMBER_OBJECT_CONVERSION = YES_AGGRESSIVE;
				CLANG_CXX_LANGUAGE_STANDARD = "gnu++0x";
				CLANG_CXX_LIBRARY = "libc++";
				CLANG_ENABLE_MODULES = YES;
				CLANG_ENABLE_OBJC_ARC = YES;
				CLANG_WARN_BOOL_CONVERSION = YES;
				CLANG_WARN_CONSTANT_CONVERSION = YES;
				CLANG_WARN_DIRECT_OBJC_ISA_USAGE = YES_ERROR;
				CLANG_WARN_DOCUMENTATION_COMMENTS = YES;
				CLANG_WARN_EMPTY_BODY = YES;
				CLANG_WARN_ENUM_CONVERSION = YES;
				CLANG_WARN_INFINITE_RECURSION = YES;
				CLANG_WARN_INT_CONVERSION = YES;
				CLANG_WARN_OBJC_ROOT_CLASS = YES_ERROR;
				CLANG_WARN_SUSPICIOUS_MOVE = YES;
				CLANG_WARN_UNREACHABLE_CODE = YES;
				CLANG_WARN__DUPLICATE_METHOD_MATCH = YES;
				"CODE_SIGN_IDENTITY[sdk=iphoneos*]" = "iPhone Developer";
				COPY_PHASE_STRIP = NO;
				DEBUG_INFORMATION_FORMAT = "dwarf-with-dsym";
				ENABLE_NS_ASSERTIONS = NO;
				ENABLE_STRICT_OBJC_MSGSEND = YES;
				GCC_C_LANGUAGE_STANDARD = gnu99;
				GCC_NO_COMMON_BLOCKS = YES;
				GCC_WARN_64_TO_32_BIT_CONVERSION = YES;
				GCC_WARN_ABOUT_RETURN_TYPE = YES_ERROR;
				GCC_WARN_UNDECLARED_SELECTOR = YES;
				GCC_WARN_UNINITIALIZED_AUTOS = YES_AGGRESSIVE;
				GCC_WARN_UNUSED_FUNCTION = YES;
				GCC_WARN_UNUSED_VARIABLE = YES;
				IPHONEOS_DEPLOYMENT_TARGET = 10.3;
				MTL_ENABLE_DEBUG_INFO = NO;
				SDKROOT = iphoneos;
				SWIFT_OPTIMIZATION_LEVEL = "-Owholemodule";
				TARGETED_DEVICE_FAMILY = "1,2";
				VALIDATE_PRODUCT = YES;
			};
			name = Release;
		};
		82096E411F63B28C00AF1837 /* Debug */ = {
			isa = XCBuildConfiguration;
			buildSettings = {
				ASSETCATALOG_COMPILER_APPICON_NAME = AppIcon;
				INFOPLIST_FILE = MazeRunner/Info.plist;
				LD_RUNPATH_SEARCH_PATHS = "$(inherited) @executable_path/Frameworks";
				PRODUCT_BUNDLE_IDENTIFIER = com.TheJJJImrons.MazeRunner;
				PRODUCT_NAME = "$(TARGET_NAME)";
				SWIFT_VERSION = 3.0;
			};
			name = Debug;
		};
		82096E421F63B28C00AF1837 /* Release */ = {
			isa = XCBuildConfiguration;
			buildSettings = {
				ASSETCATALOG_COMPILER_APPICON_NAME = AppIcon;
				INFOPLIST_FILE = MazeRunner/Info.plist;
				LD_RUNPATH_SEARCH_PATHS = "$(inherited) @executable_path/Frameworks";
				PRODUCT_BUNDLE_IDENTIFIER = com.TheJJJImrons.MazeRunner;
				PRODUCT_NAME = "$(TARGET_NAME)";
				SWIFT_VERSION = 3.0;
			};
			name = Release;
		};
		82096E441F63B28C00AF1837 /* Debug */ = {
			isa = XCBuildConfiguration;
			buildSettings = {
				ALWAYS_EMBED_SWIFT_STANDARD_LIBRARIES = YES;
				BUNDLE_LOADER = "$(TEST_HOST)";
				INFOPLIST_FILE = MazeRunnerTests/Info.plist;
				LD_RUNPATH_SEARCH_PATHS = "$(inherited) @executable_path/Frameworks @loader_path/Frameworks";
				PRODUCT_BUNDLE_IDENTIFIER = com.TheJJJImrons.MazeRunnerTests;
				PRODUCT_NAME = "$(TARGET_NAME)";
				SWIFT_VERSION = 3.0;
				TEST_HOST = "$(BUILT_PRODUCTS_DIR)/MazeRunner.app/MazeRunner";
			};
			name = Debug;
		};
		82096E451F63B28C00AF1837 /* Release */ = {
			isa = XCBuildConfiguration;
			buildSettings = {
				ALWAYS_EMBED_SWIFT_STANDARD_LIBRARIES = YES;
				BUNDLE_LOADER = "$(TEST_HOST)";
				INFOPLIST_FILE = MazeRunnerTests/Info.plist;
				LD_RUNPATH_SEARCH_PATHS = "$(inherited) @executable_path/Frameworks @loader_path/Frameworks";
				PRODUCT_BUNDLE_IDENTIFIER = com.TheJJJImrons.MazeRunnerTests;
				PRODUCT_NAME = "$(TARGET_NAME)";
				SWIFT_VERSION = 3.0;
				TEST_HOST = "$(BUILT_PRODUCTS_DIR)/MazeRunner.app/MazeRunner";
			};
			name = Release;
		};
		82096E471F63B28C00AF1837 /* Debug */ = {
			isa = XCBuildConfiguration;
			buildSettings = {
				ALWAYS_EMBED_SWIFT_STANDARD_LIBRARIES = YES;
				INFOPLIST_FILE = MazeRunnerUITests/Info.plist;
				LD_RUNPATH_SEARCH_PATHS = "$(inherited) @executable_path/Frameworks @loader_path/Frameworks";
				PRODUCT_BUNDLE_IDENTIFIER = com.TheJJJImrons.MazeRunnerUITests;
				PRODUCT_NAME = "$(TARGET_NAME)";
				SWIFT_VERSION = 3.0;
				TEST_TARGET_NAME = MazeRunner;
			};
			name = Debug;
		};
		82096E481F63B28C00AF1837 /* Release */ = {
			isa = XCBuildConfiguration;
			buildSettings = {
				ALWAYS_EMBED_SWIFT_STANDARD_LIBRARIES = YES;
				INFOPLIST_FILE = MazeRunnerUITests/Info.plist;
				LD_RUNPATH_SEARCH_PATHS = "$(inherited) @executable_path/Frameworks @loader_path/Frameworks";
				PRODUCT_BUNDLE_IDENTIFIER = com.TheJJJImrons.MazeRunnerUITests;
				PRODUCT_NAME = "$(TARGET_NAME)";
				SWIFT_VERSION = 3.0;
				TEST_TARGET_NAME = MazeRunner;
			};
			name = Release;
		};
/* End XCBuildConfiguration section */

/* Begin XCConfigurationList section */
		82096E101F63B28B00AF1837 /* Build configuration list for PBXProject "MazeRunner" */ = {
			isa = XCConfigurationList;
			buildConfigurations = (
				82096E3E1F63B28C00AF1837 /* Debug */,
				82096E3F1F63B28C00AF1837 /* Release */,
			);
			defaultConfigurationIsVisible = 0;
			defaultConfigurationName = Release;
		};
		82096E401F63B28C00AF1837 /* Build configuration list for PBXNativeTarget "MazeRunner" */ = {
			isa = XCConfigurationList;
			buildConfigurations = (
				82096E411F63B28C00AF1837 /* Debug */,
				82096E421F63B28C00AF1837 /* Release */,
			);
			defaultConfigurationIsVisible = 0;
		};
		82096E431F63B28C00AF1837 /* Build configuration list for PBXNativeTarget "MazeRunnerTests" */ = {
			isa = XCConfigurationList;
			buildConfigurations = (
				82096E441F63B28C00AF1837 /* Debug */,
				82096E451F63B28C00AF1837 /* Release */,
			);
			defaultConfigurationIsVisible = 0;
		};
		82096E461F63B28C00AF1837 /* Build configuration list for PBXNativeTarget "MazeRunnerUITests" */ = {
			isa = XCConfigurationList;
			buildConfigurations = (
				82096E471F63B28C00AF1837 /* Debug */,
				82096E481F63B28C00AF1837 /* Release */,
			);
			defaultConfigurationIsVisible = 0;
		};
/* End XCConfigurationList section */

/* Begin XCVersionGroup section */
		82096E1F1F63B28B00AF1837 /* MazeRunner.xcdatamodeld */ = {
			isa = XCVersionGroup;
			children = (
				82096E201F63B28B00AF1837 /* MazeRunner.xcdatamodel */,
			);
			currentVersion = 82096E201F63B28B00AF1837 /* MazeRunner.xcdatamodel */;
			path = MazeRunner.xcdatamodeld;
			sourceTree = "<group>";
			versionGroupType = wrapper.xcdatamodel;
		};
/* End XCVersionGroup section */
	};
	rootObject = 82096E0D1F63B28B00AF1837 /* Project object */;
}
